# This file is automatically @generated by Cargo.
# It is not intended for manual editing.
version = 4

[[package]]
name = "northrend"
version = "0.1.0"
dependencies = [
 "northrend-backend",
]

[[package]]
name = "northrend-backend"
version = "0.1.0"
dependencies = [
 "northrend-math",
]

[[package]]
name = "northrend-math"
version = "0.1.0"
